lockfileVersion: 5.4

specifiers:
  '@react-three/drei': ^9.7.1
  '@react-three/fiber': ^8.0.7
  '@types/react': ^17.0.43
  '@types/react-dom': ^17.0.14
  '@types/three': ^0.139.0
  react: ^18.0.0
  react-dom: ^18.0.0
  three: ^0.139.2

dependencies:
  '@react-three/drei': 9.7.1_zmpxu2hgyztlnahfl6zetyxoom

devDependencies:
  '@react-three/fiber': 8.0.14_w6hzpac57u3p7v6aj52gg7rj6e
  '@types/react': 17.0.45
  '@types/react-dom': 17.0.16
  '@types/three': 0.139.0
  react: 18.1.0
  react-dom: 18.1.0_react@18.1.0
  three: 0.139.2

packages:

  /@babel/runtime/7.17.9:
    resolution: {integrity: sha512-lSiBBvodq29uShpWGNbgFdKYNiFDo5/HIYsaCEY9ff4sb10x9jizo2+pRrSyF4jKZCXqgzuqBOQKbUm90gQwJg==}
    engines: {node: '>=6.9.0'}
    dependencies:
      regenerator-runtime: 0.13.9

  /@chevrotain/cst-dts-gen/10.1.2:
    resolution: {integrity: sha512-E/XrL0QlzExycPzwhOEZGVOheJ/Clr5uNv3oCds88MiNqEmg3UU1iauZk7DhjsUo3jgEW4lf0I5HRl7/HC5ZkQ==}
    dependencies:
      '@chevrotain/gast': 10.1.2
      '@chevrotain/types': 10.1.2
      lodash: 4.17.21
    dev: false

  /@chevrotain/gast/10.1.2:
    resolution: {integrity: sha512-er+TcxUOMuGOPoiOq8CJsRm92zGE4YPIYtyxJfxoVwVgtj4AMrPNCmrHvYaK/bsbt2DaDuFdcbbAfM9bcBXW6Q==}
    dependencies:
      '@chevrotain/types': 10.1.2
      lodash: 4.17.21
    dev: false

  /@chevrotain/types/10.1.2:
    resolution: {integrity: sha512-4qF9SmmWKv8AIG/3d+71VFuqLumNCQTP5GoL0CW6x7Ay2OdXm6FUgWFLTMneGUjYUk2C+MSCf7etQfdq3LEr1A==}
    dev: false

  /@chevrotain/utils/10.1.2:
    resolution: {integrity: sha512-bbZIpW6fdyf7FMaeDmw3cBbkTqsecxEkwlVKgVfqqXWBPLH6azxhPA2V9F7OhoZSVrsnMYw7QuyK6qutXPjEew==}
    dev: false

  /@react-spring/animated/9.4.5_react@18.1.0:
    resolution: {integrity: sha512-KWqrtvJSMx6Fj9nMJkhTwM9r6LIriExDRV6YHZV9HKQsaolUFppgkOXpC+rsL1JEtEvKv6EkLLmSqHTnuYjiIA==}
    peerDependencies:
      react: ^16.8.0  || >=17.0.0 || >=18.0.0
    dependencies:
      '@react-spring/shared': 9.4.5_react@18.1.0
      '@react-spring/types': 9.4.5
      react: 18.1.0
    dev: false

  /@react-spring/core/9.4.5_react@18.1.0:
    resolution: {integrity: sha512-83u3FzfQmGMJFwZLAJSwF24/ZJctwUkWtyPD7KYtNagrFeQKUH1I05ZuhmCmqW+2w1KDW1SFWQ43RawqfXKiiQ==}
    peerDependencies:
      react: ^16.8.0  || >=17.0.0 || >=18.0.0
    dependencies:
      '@react-spring/animated': 9.4.5_react@18.1.0
      '@react-spring/rafz': 9.4.5
      '@react-spring/shared': 9.4.5_react@18.1.0
      '@react-spring/types': 9.4.5
      react: 18.1.0
    dev: false

  /@react-spring/rafz/9.4.5:
    resolution: {integrity: sha512-swGsutMwvnoyTRxvqhfJBtGM8Ipx6ks0RkIpNX9F/U7XmyPvBMGd3GgX/mqxZUpdlsuI1zr/jiYw+GXZxAlLcQ==}
    dev: false

  /@react-spring/shared/9.4.5_react@18.1.0:
    resolution: {integrity: sha512-JhMh3nFKsqyag0KM5IIM8BQANGscTdd0mMv3BXsUiMZrcjQTskyfnv5qxEeGWbJGGar52qr5kHuBHtCjQOzniA==}
    peerDependencies:
      react: ^16.8.0  || >=17.0.0 || >=18.0.0
    dependencies:
      '@react-spring/rafz': 9.4.5
      '@react-spring/types': 9.4.5
      react: 18.1.0
    dev: false

  /@react-spring/three/9.4.5_d3xgkrk7tkwwwfrakpedoh2ehu:
    resolution: {integrity: sha512-mArxfIhg9kyFL/8Y09TarS/ZKLd/qAWS4T3Ro/B46ILPfPnoPywDdw9/rknZihy/tslnviCgMrB4pZ29X1Dfxw==}
    peerDependencies:
      '@react-three/fiber': '>=6.0'
      react: ^16.11.0  || >=17.0.0 || >=18.0.0
      three: '>=0.126'
    dependencies:
      '@react-spring/animated': 9.4.5_react@18.1.0
      '@react-spring/core': 9.4.5_react@18.1.0
      '@react-spring/shared': 9.4.5_react@18.1.0
      '@react-spring/types': 9.4.5
      '@react-three/fiber': 8.0.14_w6hzpac57u3p7v6aj52gg7rj6e
      react: 18.1.0
      three: 0.139.2
    dev: false

  /@react-spring/types/9.4.5:
    resolution: {integrity: sha512-mpRIamoHwql0ogxEUh9yr4TP0xU5CWyZxVQeccGkHHF8kPMErtDXJlxyo0lj+telRF35XNihtPTWoflqtyARmg==}
    dev: false

  /@react-three/drei/9.7.1_zmpxu2hgyztlnahfl6zetyxoom:
    resolution: {integrity: sha512-+K+OBvspUKPPGwRjKC3shi5J6MJQlxK3FATcxKoAEbQMaXNUnHOAAgQSh4U8wjscTCHeFvy2w7EKYRwnEVgYgA==}
    peerDependencies:
      '@react-three/fiber': '>=8.0'
      react: '>=18.0'
      react-dom: '>=18.0'
      three: '>=0.137'
    peerDependenciesMeta:
      react-dom:
        optional: true
    dependencies:
      '@babel/runtime': 7.17.9
      '@react-spring/three': 9.4.5_d3xgkrk7tkwwwfrakpedoh2ehu
      '@react-three/fiber': 8.0.14_w6hzpac57u3p7v6aj52gg7rj6e
      '@types/nanoid': 3.0.0
      '@use-gesture/react': 10.2.12_react@18.1.0
      detect-gpu: 4.0.21
      glsl-noise: 0.0.0
      lodash.omit: 4.5.0
      lodash.pick: 4.4.0
      meshline: 2.0.4_three@0.139.2
      nanoid: 3.3.4
      react: 18.1.0
      react-composer: 5.0.3_react@18.1.0
      react-dom: 18.1.0_react@18.1.0
      react-merge-refs: 1.1.0
      stats.js: 0.17.0
      suspend-react: 0.0.8_react@18.1.0
      three: 0.139.2
      three-mesh-bvh: 0.5.10_three@0.139.2
      three-stdlib: 2.10.1_three@0.139.2
      troika-three-text: 0.46.4_three@0.139.2
      utility-types: 3.10.0
      zustand: 3.7.2_react@18.1.0
    dev: false

  /@react-three/fiber/8.0.14_w6hzpac57u3p7v6aj52gg7rj6e:
    resolution: {integrity: sha512-foDw8Evl0mMMS2NQasN/omOjKqklAUGnAxFM1I3BpMaDVTUJdEakMcW3eMnYknr5qMBh6QFVV5OuMoRehILXYw==}
    peerDependencies:
      expo: '>=43.0'
      expo-asset: '>=8.4'
      expo-gl: '>=11.0'
      react: '>=18.0'
      react-dom: '>=18.0'
      react-native: '>=0.64'
      three: '>=0.133'
    peerDependenciesMeta:
      expo:
        optional: true
      expo-asset:
        optional: true
      expo-gl:
        optional: true
      react-dom:
        optional: true
      react-native:
        optional: true
    dependencies:
      '@babel/runtime': 7.17.9
      '@types/react-reconciler': 0.26.6
      react: 18.1.0
      react-dom: 18.1.0_react@18.1.0
      react-merge-refs: 1.1.0
      react-reconciler: 0.27.0_react@18.1.0
      react-use-measure: 2.1.1_ef5jwxihqo6n7gxfmzogljlgcm
      scheduler: 0.21.0
      suspend-react: 0.0.8_react@18.1.0
      three: 0.139.2
      zustand: 3.7.2_react@18.1.0
    dev: true

  /@types/nanoid/3.0.0:
    resolution: {integrity: sha512-UXitWSmXCwhDmAKe7D3hNQtQaHeHt5L8LO1CB8GF8jlYVzOv5cBWDNqiJ+oPEWrWei3i3dkZtHY/bUtd0R/uOQ==}
    deprecated: This is a stub types definition. nanoid provides its own type definitions, so you do not need this installed.
    dependencies:
      nanoid: 3.3.4
    dev: false

  /@types/prop-types/15.7.5:
    resolution: {integrity: sha512-JCB8C6SnDoQf0cNycqd/35A7MjcnK+ZTqE7judS6o7utxUCg6imJg3QK2qzHKszlTjcj2cn+NwMB2i96ubpj7w==}
    dev: true

  /@types/react-dom/17.0.16:
    resolution: {integrity: sha512-DWcXf8EbMrO/gWnQU7Z88Ws/p16qxGpPyjTKTpmBSFKeE+HveVubqGO1CVK7FrwlWD5MuOcvh8gtd0/XO38NdQ==}
    dependencies:
      '@types/react': 17.0.45
    dev: true

  /@types/react-reconciler/0.26.6:
    resolution: {integrity: sha512-N8MpyC6PJksD+CbMaZ1GW1t940+L4K+f7soiNKcKfgOgof3xWLvs5nPRQ/Q0P6QwDX0GH1PT1MsiQh2FtUY6aw==}
    dependencies:
      '@types/react': 17.0.45
    dev: true

  /@types/react/17.0.45:
    resolution: {integrity: sha512-YfhQ22Lah2e3CHPsb93tRwIGNiSwkuz1/blk4e6QrWS0jQzCSNbGLtOEYhPg02W0yGTTmpajp7dCTbBAMN3qsg==}
    dependencies:
      '@types/prop-types': 15.7.5
      '@types/scheduler': 0.16.2
      csstype: 3.0.11
    dev: true

  /@types/scheduler/0.16.2:
    resolution: {integrity: sha512-hppQEBDmlwhFAXKJX2KnWLYu5yMfi91yazPb2l+lbJiwW+wdo1gNeRA+3RgNSO39WYX2euey41KEwnqesU2Jew==}
    dev: true

  /@types/three/0.139.0:
    resolution: {integrity: sha512-4V/jZhyq7Mv05coUzxL3bz8AuBOSi/1F0RY7ujisHTV0Amy/fnYJ+s7TSJ1/hXjZukSkpuFRgV+wvWUEMbsMbQ==}
    dev: true

  /@use-gesture/core/10.2.12:
    resolution: {integrity: sha512-BIZ9Zyo2xFyLS8pYyhawa5upNpshLTSBVTek+56EqgCp/j95YfZI7PtgwHmm0cm+0HNqeq8FHkhFmJlbj4Pg3Q==}
    dev: false

  /@use-gesture/react/10.2.12_react@18.1.0:
    resolution: {integrity: sha512-ykNZWRjwesSirhaBmcAWveHyivXn/E5/R4kY6i8+cDtklKuPM91oFEML9tV5CRBuGJONY/rxD+JVNs/SOwfp4w==}
    peerDependencies:
      react: '>= 16.8.0'
    dependencies:
      '@use-gesture/core': 10.2.12
      react: 18.1.0
    dev: false

  /@webgpu/glslang/0.0.15:
    resolution: {integrity: sha512-niT+Prh3Aff8Uf1MVBVUsaNjFj9rJAKDXuoHIKiQbB+6IUP/3J3JIhBNyZ7lDhytvXxw6ppgnwKZdDJ08UMj4Q==}
    dev: false

  /bidi-js/1.0.2:
    resolution: {integrity: sha512-rzSy/k7WdX5zOyeHHCOixGXbCHkyogkxPKL2r8QtzHmVQDiWCXUWa18bLdMWT9CYMLOYTjWpTHawuev2ouYJVw==}
    dependencies:
      require-from-string: 2.0.2
    dev: false

  /chevrotain/10.1.2:
    resolution: {integrity: sha512-hvRiQuhhTZxkPMGD/dke+s1EGo8AkKDBU05CcufBO278qgAQSwIC4QyLdHz0CFHVtqVYWjlAS5D1KwvBbaHT+w==}
    dependencies:
      '@chevrotain/cst-dts-gen': 10.1.2
      '@chevrotain/gast': 10.1.2
      '@chevrotain/types': 10.1.2
      '@chevrotain/utils': 10.1.2
      lodash: 4.17.21
      regexp-to-ast: 0.5.0
    dev: false

  /csstype/3.0.11:
    resolution: {integrity: sha512-sa6P2wJ+CAbgyy4KFssIb/JNMLxFvKF1pCYCSXS8ZMuqZnMsrxqI2E5sPyoTpxoPU/gVZMzr2zjOfg8GIZOMsw==}
    dev: true

  /debounce/1.2.1:
    resolution: {integrity: sha512-XRRe6Glud4rd/ZGQfiV1ruXSfbvfJedlV9Y6zOlP+2K04vBYiJEte6stfFkCP03aMnY5tsipamumUjL14fofug==}
    dev: true

  /detect-gpu/4.0.21:
    resolution: {integrity: sha512-P3mVinnsJU9ma+xPOO6b9ojJtCizRDT+hxt41n4d62m9bcqN5IQjxe+fU13XSfrDcIr9byoOiNg2m6vF7KklpA==}
    dependencies:
      webgl-constants: 1.1.1
    dev: false

  /draco3d/1.5.2:
    resolution: {integrity: sha512-AeRQ25Fb29c14vpjnh167UGW0nGY0ZpEM3ld+zEXoEySlmEXcXfsCHZeTgo5qXH925V1JsdjrzasdaQ22/vXog==}
    dev: false

  /fflate/0.6.10:
    resolution: {integrity: sha512-IQrh3lEPM93wVCEczc9SaAOvkmcoQn/G8Bo1e8ZPlY3X3bnAxWaBdvTdvM1hP62iZp0BXWDy4vTAy4fF0+Dlpg==}
    dev: false

  /glsl-noise/0.0.0:
    resolution: {integrity: sha1-NndF86MzgsDu7Ey1S36Zz8HXZws=}
    dev: false

  /js-tokens/4.0.0:
    resolution: {integrity: sha512-RdJUflcE3cUzKiMqQgsCu06FPu9UdIJO0beYbPhHN4k6apgJtifcoCtT9bcxOpYBtpD2kCM6Sbzg4CausW/PKQ==}

  /ktx-parse/0.2.2:
    resolution: {integrity: sha512-cFBc1jnGG2WlUf52NbDUXK2obJ+Mo9WUkBRvr6tP6CKxRMvZwDDFNV3JAS4cewETp5KyexByfWm9sm+O8AffiQ==}
    dev: false

  /lodash.omit/4.5.0:
    resolution: {integrity: sha1-brGa5aHuHdnfC5aeZs4Lf6MLXmA=}
    dev: false

  /lodash.pick/4.4.0:
    resolution: {integrity: sha1-UvBWEP/53tQiYRRB7R/BI6AwAbM=}
    dev: false

  /lodash/4.17.21:
    resolution: {integrity: sha512-v2kDEe57lecTulaDIuNTPy3Ry4gLGJ6Z1O3vE1krgXZNrsQ+LFTGHVxVjcXPs17LhbZVGedAJv8XZ1tvj5FvSg==}
    dev: false

  /loose-envify/1.4.0:
    resolution: {integrity: sha512-lyuxPGr/Wfhrlem2CL/UcnUc1zcqKAImBDzukY7Y5F/yQiNdko6+fRLevlw1HgMySw7f611UIY408EtxRSoK3Q==}
    hasBin: true
    dependencies:
      js-tokens: 4.0.0

  /meshline/2.0.4_three@0.139.2:
    resolution: {integrity: sha512-Jh6DJl/zLqA4xsKvGv5950jr2ukyXQE1wgxs8u94cImHrvL6soVIggqjP+2hVHZXGYaKnWszhtjuCbKNeQyYiw==}
    peerDependencies:
      three: '>=0.137'
    dependencies:
      three: 0.139.2
    dev: false

  /mmd-parser/1.0.4:
    resolution: {integrity: sha512-Qi0VCU46t2IwfGv5KF0+D/t9cizcDug7qnNoy9Ggk7aucp0tssV8IwTMkBlDbm+VqAf3cdQHTCARKSsuS2MYFg==}
    dev: false

  /nanoid/3.3.4:
    resolution: {integrity: sha512-MqBkQh/OHTS2egovRtLk45wEyNXwF+cokD+1YPf9u5VfJiRdAiRwB2froX5Co9Rh20xs4siNPm8naNotSD6RBw==}
    engines: {node: ^10 || ^12 || ^13.7 || ^14 || >=15.0.1}
    hasBin: true
    dev: false

  /object-assign/4.1.1:
    resolution: {integrity: sha1-IQmtx5ZYh8/AXLvUQsrIv7s2CGM=}
    engines: {node: '>=0.10.0'}
    dev: false

  /opentype.js/1.3.4:
    resolution: {integrity: sha512-d2JE9RP/6uagpQAVtJoF0pJJA/fgai89Cc50Yp0EJHk+eLp6QQ7gBoblsnubRULNY132I0J1QKMJ+JTbMqz4sw==}
    engines: {node: '>= 8.0.0'}
    hasBin: true
    dependencies:
      string.prototype.codepointat: 0.2.1
      tiny-inflate: 1.0.3
    dev: false

  /potpack/1.0.2:
    resolution: {integrity: sha512-choctRBIV9EMT9WGAZHn3V7t0Z2pMQyl0EZE6pFc/6ml3ssw7Dlf/oAOvFwjm1HVsqfQN8GfeFyJ+d8tRzqueQ==}
    dev: false

  /prop-types/15.8.1:
    resolution: {integrity: sha512-oj87CgZICdulUohogVAR7AjlC0327U4el4L6eAvOqCeudMDVU0NThNaV+b9Df4dXgSP1gXMTnPdhfe/2qDH5cg==}
    dependencies:
      loose-envify: 1.4.0
      object-assign: 4.1.1
      react-is: 16.13.1
    dev: false

  /react-composer/5.0.3_react@18.1.0:
    resolution: {integrity: sha512-1uWd07EME6XZvMfapwZmc7NgCZqDemcvicRi3wMJzXsQLvZ3L7fTHVyPy1bZdnWXM4iPjYuNE+uJ41MLKeTtnA==}
    peerDependencies:
      react: ^15.0.0 || ^16.0.0 || ^17.0.0 || ^18.0.0
    dependencies:
      prop-types: 15.8.1
      react: 18.1.0
    dev: false

  /react-dom/18.1.0_react@18.1.0:
    resolution: {integrity: sha512-fU1Txz7Budmvamp7bshe4Zi32d0ll7ect+ccxNu9FlObT605GOEB8BfO4tmRJ39R5Zj831VCpvQ05QPBW5yb+w==}
    peerDependencies:
      react: ^18.1.0
    dependencies:
      loose-envify: 1.4.0
      react: 18.1.0
      scheduler: 0.22.0
    dev: true

  /react-is/16.13.1:
    resolution: {integrity: sha512-24e6ynE2H+OKt4kqsOvNd8kBpV65zoxbA4BVsEOB3ARVWQki/DHzaUoC5KuON/BiccDaCCTZBuOcfZs70kR8bQ==}
    dev: false

  /react-merge-refs/1.1.0:
    resolution: {integrity: sha512-alTKsjEL0dKH/ru1Iyn7vliS2QRcBp9zZPGoWxUOvRGWPUYgjo+V01is7p04It6KhgrzhJGnIj9GgX8W4bZoCQ==}

  /react-reconciler/0.27.0_react@18.1.0:
    resolution: {integrity: sha512-HmMDKciQjYmBRGuuhIaKA1ba/7a+UsM5FzOZsMO2JYHt9Jh8reCb7j1eDC95NOyUlKM9KRyvdx0flBuDvYSBoA==}
    engines: {node: '>=0.10.0'}
    peerDependencies:
      react: ^18.0.0
    dependencies:
      loose-envify: 1.4.0
      react: 18.1.0
      scheduler: 0.21.0
    dev: true

  /react-use-measure/2.1.1_ef5jwxihqo6n7gxfmzogljlgcm:
    resolution: {integrity: sha512-nocZhN26cproIiIduswYpV5y5lQpSQS1y/4KuvUCjSKmw7ZWIS/+g3aFnX3WdBkyuGUtTLif3UTqnLLhbDoQig==}
    peerDependencies:
      react: '>=16.13'
      react-dom: '>=16.13'
    dependencies:
      debounce: 1.2.1
      react: 18.1.0
      react-dom: 18.1.0_react@18.1.0
    dev: true

  /react/18.1.0:
    resolution: {integrity: sha512-4oL8ivCz5ZEPyclFQXaNksK3adutVS8l2xzZU0cqEFrE9Sb7fC0EFK5uEk74wIreL1DERyjvsU915j1pcT2uEQ==}
    engines: {node: '>=0.10.0'}
    dependencies:
      loose-envify: 1.4.0
    dev: true

  /regenerator-runtime/0.13.9:
    resolution: {integrity: sha512-p3VT+cOEgxFsRRA9X4lkI1E+k2/CtnKtU4gcxyaCUreilL/vqI6CdZ3wxVUx3UOUg+gnUOQQcRI7BmSI656MYA==}

  /regexp-to-ast/0.5.0:
    resolution: {integrity: sha512-tlbJqcMHnPKI9zSrystikWKwHkBqu2a/Sgw01h3zFjvYrMxEDYHzzoMZnUrbIfpTFEsoRnnviOXNCzFiSc54Qw==}
    dev: false

  /require-from-string/2.0.2:
    resolution: {integrity: sha512-Xf0nWe6RseziFMu+Ap9biiUbmplq6S9/p+7w7YXP/JBHhrUDDUhwa+vANyubuqfZWTveU//DYVGsDG7RKL/vEw==}
    engines: {node: '>=0.10.0'}
    dev: false

  /scheduler/0.21.0:
    resolution: {integrity: sha512-1r87x5fz9MXqswA2ERLo0EbOAU74DpIUO090gIasYTqlVoJeMcl+Z1Rg7WHz+qtPujhS/hGIt9kxZOYBV3faRQ==}
    dependencies:
      loose-envify: 1.4.0
    dev: true

  /scheduler/0.22.0:
    resolution: {integrity: sha512-6QAm1BgQI88NPYymgGQLCZgvep4FyePDWFpXVK+zNSUgHwlqpJy8VEh8Et0KxTACS4VWwMousBElAZOH9nkkoQ==}
    dependencies:
      loose-envify: 1.4.0
    dev: true

  /stats.js/0.17.0:
    resolution: {integrity: sha1-scPcRtlEmLV4t/05hbgaznExzH0=}
    dev: false

  /string.prototype.codepointat/0.2.1:
    resolution: {integrity: sha512-2cBVCj6I4IOvEnjgO/hWqXjqBGsY+zwPmHl12Srk9IXSZ56Jwwmy+66XO5Iut/oQVR7t5ihYdLB0GMa4alEUcg==}
    dev: false

  /suspend-react/0.0.8_react@18.1.0:
    resolution: {integrity: sha512-ZC3r8Hu1y0dIThzsGw0RLZplnX9yXwfItcvaIzJc2VQVi8TGyGDlu92syMB5ulybfvGLHAI5Ghzlk23UBPF8xg==}
    peerDependencies:
      react: '>=17.0'
    dependencies:
      react: 18.1.0

  /three-mesh-bvh/0.5.10_three@0.139.2:
    resolution: {integrity: sha512-yOJPT3DhfZB/DvIr0lEfPUPMRX11HJABGapeuBa4GwgsF1NMMsy1nW1wMGxImmVyRCZ61yoor/YVqRRQV1p5VQ==}
    peerDependencies:
      three: '>= 0.123.0'
    dependencies:
      three: 0.139.2
    dev: false

  /three-stdlib/2.10.1_three@0.139.2:
    resolution: {integrity: sha512-qKJLFB5KMUhPe4JgtJ6bnY7+nEuNPVbxfKyAeRIRbTTBF1oP/rKogZAio+NI5SXSo4iuIu59e02AzOzh8AR9cQ==}
    peerDependencies:
      three: '>=0.122.0'
    dependencies:
      '@babel/runtime': 7.17.9
      '@webgpu/glslang': 0.0.15
      chevrotain: 10.1.2
      draco3d: 1.5.2
      fflate: 0.6.10
      ktx-parse: 0.2.2
      mmd-parser: 1.0.4
      opentype.js: 1.3.4
      potpack: 1.0.2
      three: 0.139.2
      zstddec: 0.0.2
    dev: false

  /three/0.139.2:
    resolution: {integrity: sha512-gV7q7QY8rogu7HLFZR9cWnOQAUedUhu2WXAnpr2kdXZP9YDKsG/0ychwQvWkZN5PlNw9mv5MoCTin6zNTXoONg==}
    dev: true

  /tiny-inflate/1.0.3:
    resolution: {integrity: sha512-pkY1fj1cKHb2seWDy0B16HeWyczlJA9/WW3u3c4z/NiWDsO3DOU5D7nhTLE9CF0yXv/QZFY7sEJmj24dK+Rrqw==}
    dev: false

  /troika-three-text/0.46.4_three@0.139.2:
    resolution: {integrity: sha512-Qsv0HhUKTZgSmAJs5wvO7YlBoJSP9TGPLmrg+K9pbQq4lseQdcevbno/WI38bwJBZ/qS56hvfqEzY0zUEFzDIw==}
    peerDependencies:
      three: '>=0.103.0'
    dependencies:
      bidi-js: 1.0.2
      three: 0.139.2
      troika-three-utils: 0.46.0_three@0.139.2
      troika-worker-utils: 0.46.0
      webgl-sdf-generator: 1.1.1
    dev: false

  /troika-three-utils/0.46.0_three@0.139.2:
    resolution: {integrity: sha512-llHyrXAcwzr0bpg80GxsIp73N7FuImm4WCrKDJkAqcAsWmE5pfP9+Qzw+oMWK1P/AdHQ79eOrOl9NjyW4aOw0w==}
    peerDependencies:
      three: '>=0.103.0'
    dependencies:
      three: 0.139.2
    dev: false

  /troika-worker-utils/0.46.0:
    resolution: {integrity: sha512-bzOx5f2ZBxkFhXtIvDJlLn2AI3bzCkGVbCndl/2dL5QZrwHEKl45OEIilCxYQQWJG1rEbOD9O80tMjoYjw19OA==}
    dev: false

  /utility-types/3.10.0:
    resolution: {integrity: sha512-O11mqxmi7wMKCo6HKFt5AhO4BwY3VV68YU07tgxfz8zJTIxr4BpsezN49Ffwy9j3ZpwwJp4fkRwjRzq3uWE6Rg==}
    engines: {node: '>= 4'}
    dev: false

  /webgl-constants/1.1.1:
    resolution: {integrity: sha512-LkBXKjU5r9vAW7Gcu3T5u+5cvSvh5WwINdr0C+9jpzVB41cjQAP5ePArDtk/WHYdVj0GefCgM73BA7FlIiNtdg==}
    dev: false

  /webgl-sdf-generator/1.1.1:
    resolution: {integrity: sha512-9Z0JcMTFxeE+b2x1LJTdnaT8rT8aEp7MVxkNwoycNmJWwPdzoXzMh0BjJSh/AEFP+KPYZUli814h8bJZFIZ2jA==}
    dev: false

  /zstddec/0.0.2:
    resolution: {integrity: sha512-DCo0oxvcvOTGP/f5FA6tz2Z6wF+FIcEApSTu0zV5sQgn9hoT5lZ9YRAKUraxt9oP7l4e8TnNdi8IZTCX6WCkwA==}
    dev: false

  /zustand/3.7.2_react@18.1.0:
    resolution: {integrity: sha512-PIJDIZKtokhof+9+60cpockVOq05sJzHCriyvaLBmEJixseQ1a5Kdov6fWZfWOu5SK9c+FhH1jU0tntLxRJYMA==}
    engines: {node: '>=12.7.0'}
    peerDependencies:
      react: '>=16.8'
    peerDependenciesMeta:
      react:
        optional: true
    dependencies:
      react: 18.1.0
